// !$*UTF8*$!
{
	archiveVersion = 1;
	classes = {
	};
	objectVersion = 46;
	objects = {

/* Begin PBXBuildFile section */
		C415117A1A90F6D100A32399 /* main.m in Sources */ = {isa = PBXBuildFile; fileRef = C41511791A90F6D100A32399 /* main.m */; };
		C415117D1A90F6D100A32399 /* AppDelegate.m in Sources */ = {isa = PBXBuildFile; fileRef = C415117C1A90F6D100A32399 /* AppDelegate.m */; };
		C41511831A90F6D100A32399 /* Main.storyboard in Resources */ = {isa = PBXBuildFile; fileRef = C41511811A90F6D100A32399 /* Main.storyboard */; };
		C41511851A90F6D100A32399 /* Images.xcassets in Resources */ = {isa = PBXBuildFile; fileRef = C41511841A90F6D100A32399 /* Images.xcassets */; };
		C41511881A90F6D100A32399 /* LaunchScreen.xib in Resources */ = {isa = PBXBuildFile; fileRef = C41511861A90F6D100A32399 /* LaunchScreen.xib */; };
		C41511941A90F6D100A32399 /* InstagramAppTests.m in Sources */ = {isa = PBXBuildFile; fileRef = C41511931A90F6D100A32399 /* InstagramAppTests.m */; };
		C41511A11A90F7CF00A32399 /* InstagramMainViewController.m in Sources */ = {isa = PBXBuildFile; fileRef = C41511A01A90F7CF00A32399 /* InstagramMainViewController.m */; };
		C41511A81A90F7F300A32399 /* IGRequest.m in Sources */ = {isa = PBXBuildFile; fileRef = C41511A51A90F7F300A32399 /* IGRequest.m */; };
		C41511A91A90F7F300A32399 /* Instagram.m in Sources */ = {isa = PBXBuildFile; fileRef = C41511A71A90F7F300A32399 /* Instagram.m */; };
/* End PBXBuildFile section */

/* Begin PBXContainerItemProxy section */
		C415118E1A90F6D100A32399 /* PBXContainerItemProxy */ = {
			isa = PBXContainerItemProxy;
			containerPortal = C415116C1A90F6D100A32399 /* Project object */;
			proxyType = 1;
			remoteGlobalIDString = C41511731A90F6D100A32399;
			remoteInfo = InstagramApp;
		};
/* End PBXContainerItemProxy section */

/* Begin PBXFileReference section */
		C41511741A90F6D100A32399 /* InstagramApp.app */ = {isa = PBXFileReference; explicitFileType = wrapper.application; includeInIndex = 0; path = InstagramApp.app; sourceTree = BUILT_PRODUCTS_DIR; };
		C41511781A90F6D100A32399 /* Info.plist */ = {isa = PBXFileReference; lastKnownFileType = text.plist.xml; path = Info.plist; sourceTree = "<group>"; };
		C41511791A90F6D100A32399 /* main.m */ = {isa = PBXFileReference; lastKnownFileType = sourcecode.c.objc; path = main.m; sourceTree = "<group>"; };
		C415117B1A90F6D100A32399 /* AppDelegate.h */ = {isa = PBXFileReference; lastKnownFileType = sourcecode.c.h; path = AppDelegate.h; sourceTree = "<group>"; };
		C415117C1A90F6D100A32399 /* AppDelegate.m */ = {isa = PBXFileReference; lastKnownFileType = sourcecode.c.objc; path = AppDelegate.m; sourceTree = "<group>"; };
		C41511821A90F6D100A32399 /* Base */ = {isa = PBXFileReference; lastKnownFileType = file.storyboard; name = Base; path = Base.lproj/Main.storyboard; sourceTree = "<group>"; };
		C41511841A90F6D100A32399 /* Images.xcassets */ = {isa = PBXFileReference; lastKnownFileType = folder.assetcatalog; path = Images.xcassets; sourceTree = "<group>"; };
		C41511871A90F6D100A32399 /* Base */ = {isa = PBXFileReference; lastKnownFileType = file.xib; name = Base; path = Base.lproj/LaunchScreen.xib; sourceTree = "<group>"; };
		C415118D1A90F6D100A32399 /* InstagramAppTests.xctest */ = {isa = PBXFileReference; explicitFileType = wrapper.cfbundle; includeInIndex = 0; path = InstagramAppTests.xctest; sourceTree = BUILT_PRODUCTS_DIR; };
		C41511921A90F6D100A32399 /* Info.plist */ = {isa = PBXFileReference; lastKnownFileType = text.plist.xml; path = Info.plist; sourceTree = "<group>"; };
		C41511931A90F6D100A32399 /* InstagramAppTests.m */ = {isa = PBXFileReference; lastKnownFileType = sourcecode.c.objc; path = InstagramAppTests.m; sourceTree = "<group>"; };
		C415119F1A90F7CF00A32399 /* InstagramMainViewController.h */ = {isa = PBXFileReference; fileEncoding = 4; lastKnownFileType = sourcecode.c.h; path = InstagramMainViewController.h; sourceTree = "<group>"; };
		C41511A01A90F7CF00A32399 /* InstagramMainViewController.m */ = {isa = PBXFileReference; fileEncoding = 4; lastKnownFileType = sourcecode.c.objc; path = InstagramMainViewController.m; sourceTree = "<group>"; };
		C41511A31A90F7F300A32399 /* IGConnect.h */ = {isa = PBXFileReference; fileEncoding = 4; lastKnownFileType = sourcecode.c.h; path = IGConnect.h; sourceTree = "<group>"; };
		C41511A41A90F7F300A32399 /* IGRequest.h */ = {isa = PBXFileReference; fileEncoding = 4; lastKnownFileType = sourcecode.c.h; path = IGRequest.h; sourceTree = "<group>"; };
		C41511A51A90F7F300A32399 /* IGRequest.m */ = {isa = PBXFileReference; fileEncoding = 4; lastKnownFileType = sourcecode.c.objc; path = IGRequest.m; sourceTree = "<group>"; };
		C41511A61A90F7F300A32399 /* Instagram.h */ = {isa = PBXFileReference; fileEncoding = 4; lastKnownFileType = sourcecode.c.h; path = Instagram.h; sourceTree = "<group>"; };
		C41511A71A90F7F300A32399 /* Instagram.m */ = {isa = PBXFileReference; fileEncoding = 4; lastKnownFileType = sourcecode.c.objc; path = Instagram.m; sourceTree = "<group>"; };
/* End PBXFileReference section */

/* Begin PBXFrameworksBuildPhase section */
		C41511711A90F6D100A32399 /* Frameworks */ = {
			isa = PBXFrameworksBuildPhase;
			buildActionMask = 2147483647;
			files = (
			);
			runOnlyForDeploymentPostprocessing = 0;
		};
		C415118A1A90F6D100A32399 /* Frameworks */ = {
			isa = PBXFrameworksBuildPhase;
			buildActionMask = 2147483647;
			files = (
			);
			runOnlyForDeploymentPostprocessing = 0;
		};
/* End PBXFrameworksBuildPhase section */

/* Begin PBXGroup section */
		C415116B1A90F6D100A32399 = {
			isa = PBXGroup;
			children = (
				C41511761A90F6D100A32399 /* InstagramApp */,
				C41511901A90F6D100A32399 /* InstagramAppTests */,
				C41511751A90F6D100A32399 /* Products */,
			);
			sourceTree = "<group>";
		};
		C41511751A90F6D100A32399 /* Products */ = {
			isa = PBXGroup;
			children = (
				C41511741A90F6D100A32399 /* InstagramApp.app */,
				C415118D1A90F6D100A32399 /* InstagramAppTests.xctest */,
			);
			name = Products;
			sourceTree = "<group>";
		};
		C41511761A90F6D100A32399 /* InstagramApp */ = {
			isa = PBXGroup;
			children = (
				C41511A21A90F7F300A32399 /* Instagram */,
				C415119E1A90F7CF00A32399 /* Controllers */,
				C415117B1A90F6D100A32399 /* AppDelegate.h */,
				C415117C1A90F6D100A32399 /* AppDelegate.m */,
				C41511811A90F6D100A32399 /* Main.storyboard */,
				C41511841A90F6D100A32399 /* Images.xcassets */,
				C41511861A90F6D100A32399 /* LaunchScreen.xib */,
				C41511771A90F6D100A32399 /* Supporting Files */,
			);
			path = InstagramApp;
			sourceTree = "<group>";
		};
		C41511771A90F6D100A32399 /* Supporting Files */ = {
			isa = PBXGroup;
			children = (
				C41511781A90F6D100A32399 /* Info.plist */,
				C41511791A90F6D100A32399 /* main.m */,
			);
			name = "Supporting Files";
			sourceTree = "<group>";
		};
		C41511901A90F6D100A32399 /* InstagramAppTests */ = {
			isa = PBXGroup;
			children = (
				C41511931A90F6D100A32399 /* InstagramAppTests.m */,
				C41511911A90F6D100A32399 /* Supporting Files */,
			);
			path = InstagramAppTests;
			sourceTree = "<group>";
		};
		C41511911A90F6D100A32399 /* Supporting Files */ = {
			isa = PBXGroup;
			children = (
				C41511921A90F6D100A32399 /* Info.plist */,
			);
			name = "Supporting Files";
			sourceTree = "<group>";
		};
		C415119E1A90F7CF00A32399 /* Controllers */ = {
			isa = PBXGroup;
			children = (
				C415119F1A90F7CF00A32399 /* InstagramMainViewController.h */,
				C41511A01A90F7CF00A32399 /* InstagramMainViewController.m */,
			);
			path = Controllers;
			sourceTree = "<group>";
		};
		C41511A21A90F7F300A32399 /* Instagram */ = {
			isa = PBXGroup;
			children = (
				C41511A31A90F7F300A32399 /* IGConnect.h */,
				C41511A41A90F7F300A32399 /* IGRequest.h */,
				C41511A51A90F7F300A32399 /* IGRequest.m */,
				C41511A61A90F7F300A32399 /* Instagram.h */,
				C41511A71A90F7F300A32399 /* Instagram.m */,
			);
			path = Instagram;
			sourceTree = "<group>";
		};
/* End PBXGroup section */

/* Begin PBXNativeTarget section */
		C41511731A90F6D100A32399 /* InstagramApp */ = {
			isa = PBXNativeTarget;
			buildConfigurationList = C41511971A90F6D100A32399 /* Build configuration list for PBXNativeTarget "InstagramApp" */;
			buildPhases = (
				C41511701A90F6D100A32399 /* Sources */,
				C41511711A90F6D100A32399 /* Frameworks */,
				C41511721A90F6D100A32399 /* Resources */,
			);
			buildRules = (
			);
			dependencies = (
			);
			name = InstagramApp;
			productName = InstagramApp;
			productReference = C41511741A90F6D100A32399 /* InstagramApp.app */;
			productType = "com.apple.product-type.application";
		};
		C415118C1A90F6D100A32399 /* InstagramAppTests */ = {
			isa = PBXNativeTarget;
			buildConfigurationList = C415119A1A90F6D100A32399 /* Build configuration list for PBXNativeTarget "InstagramAppTests" */;
			buildPhases = (
				C41511891A90F6D100A32399 /* Sources */,
				C415118A1A90F6D100A32399 /* Frameworks */,
				C415118B1A90F6D100A32399 /* Resources */,
			);
			buildRules = (
			);
			dependencies = (
				C415118F1A90F6D100A32399 /* PBXTargetDependency */,
			);
			name = InstagramAppTests;
			productName = InstagramAppTests;
			productReference = C415118D1A90F6D100A32399 /* InstagramAppTests.xctest */;
			productType = "com.apple.product-type.bundle.unit-test";
		};
/* End PBXNativeTarget section */

/* Begin PBXProject section */
		C415116C1A90F6D100A32399 /* Project object */ = {
			isa = PBXProject;
			attributes = {
				LastUpgradeCheck = 0610;
				ORGANIZATIONNAME = incube8;
				TargetAttributes = {
					C41511731A90F6D100A32399 = {
						CreatedOnToolsVersion = 6.1;
					};
					C415118C1A90F6D100A32399 = {
						CreatedOnToolsVersion = 6.1;
						TestTargetID = C41511731A90F6D100A32399;
					};
				};
			};
			buildConfigurationList = C415116F1A90F6D100A32399 /* Build configuration list for PBXProject "InstagramApp" */;
			compatibilityVersion = "Xcode 3.2";
			developmentRegion = English;
			hasScannedForEncodings = 0;
			knownRegions = (
				en,
				Base,
			);
			mainGroup = C415116B1A90F6D100A32399;
			productRefGroup = C41511751A90F6D100A32399 /* Products */;
			projectDirPath = "";
			projectRoot = "";
			targets = (
				C41511731A90F6D100A32399 /* InstagramApp */,
				C415118C1A90F6D100A32399 /* InstagramAppTests */,
			);
		};
/* End PBXProject section */

/* Begin PBXResourcesBuildPhase section */
		C41511721A90F6D100A32399 /* Resources */ = {
			isa = PBXResourcesBuildPhase;
			buildActionMask = 2147483647;
			files = (
				C41511831A90F6D100A32399 /* Main.storyboard in Resources */,
				C41511881A90F6D100A32399 /* LaunchScreen.xib in Resources */,
				C41511851A90F6D100A32399 /* Images.xcassets in Resources */,
			);
			runOnlyForDeploymentPostprocessing = 0;
		};
		C415118B1A90F6D100A32399 /* Resources */ = {
			isa = PBXResourcesBuildPhase;
			buildActionMask = 2147483647;
			files = (
			);
			runOnlyForDeploymentPostprocessing = 0;
		};
/* End PBXResourcesBuildPhase section */

/* Begin PBXSourcesBuildPhase section */
		C41511701A90F6D100A32399 /* Sources */ = {
			isa = PBXSourcesBuildPhase;
			buildActionMask = 2147483647;
			files = (
				C41511A91A90F7F300A32399 /* Instagram.m in Sources */,
				C41511A11A90F7CF00A32399 /* InstagramMainViewController.m in Sources */,
				C415117D1A90F6D100A32399 /* AppDelegate.m in Sources */,
				C415117A1A90F6D100A32399 /* main.m in Sources */,
				C41511A81A90F7F300A32399 /* IGRequest.m in Sources */,
			);
			runOnlyForDeploymentPostprocessing = 0;
		};
		C41511891A90F6D100A32399 /* Sources */ = {
			isa = PBXSourcesBuildPhase;
			buildActionMask = 2147483647;
			files = (
				C41511941A90F6D100A32399 /* InstagramAppTests.m in Sources */,
			);
			runOnlyForDeploymentPostprocessing = 0;
		};
/* End PBXSourcesBuildPhase section */

/* Begin PBXTargetDependency section */
		C415118F1A90F6D100A32399 /* PBXTargetDependency */ = {
			isa = PBXTargetDependency;
			target = C41511731A90F6D100A32399 /* InstagramApp */;
			targetProxy = C415118E1A90F6D100A32399 /* PBXContainerItemProxy */;
		};
/* End PBXTargetDependency section */

/* Begin PBXVariantGroup section */
		C41511811A90F6D100A32399 /* Main.storyboard */ = {
			isa = PBXVariantGroup;
			children = (
				C41511821A90F6D100A32399 /* Base */,
			);
			name = Main.storyboard;
			sourceTree = "<group>";
		};
		C41511861A90F6D100A32399 /* LaunchScreen.xib */ = {
			isa = PBXVariantGroup;
			children = (
				C41511871A90F6D100A32399 /* Base */,
			);
			name = LaunchScreen.xib;
			sourceTree = "<group>";
		};
/* End PBXVariantGroup section */

/* Begin XCBuildConfiguration section */
		C41511951A90F6D100A32399 /* Debug */ = {
			isa = XCBuildConfiguration;
			buildSettings = {
				ALWAYS_SEARCH_USER_PATHS = NO;
				CLANG_CXX_LANGUAGE_STANDARD = "gnu++0x";
				CLANG_CXX_LIBRARY = "libc++";
				CLANG_ENABLE_MODULES = YES;
				CLANG_ENABLE_OBJC_ARC = YES;
				CLANG_WARN_BOOL_CONVERSION = YES;
				CLANG_WARN_CONSTANT_CONVERSION = YES;
				CLANG_WARN_DIRECT_OBJC_ISA_USAGE = YES_ERROR;
				CLANG_WARN_EMPTY_BODY = YES;
				CLANG_WARN_ENUM_CONVERSION = YES;
				CLANG_WARN_INT_CONVERSION = YES;
				CLANG_WARN_OBJC_ROOT_CLASS = YES_ERROR;
				CLANG_WARN_UNREACHABLE_CODE = YES;
				CLANG_WARN__DUPLICATE_METHOD_MATCH = YES;
				"CODE_SIGN_IDENTITY[sdk=iphoneos*]" = "iPhone Developer";
				COPY_PHASE_STRIP = NO;
				ENABLE_STRICT_OBJC_MSGSEND = YES;
				GCC_C_LANGUAGE_STANDARD = gnu99;
				GCC_DYNAMIC_NO_PIC = NO;
				GCC_OPTIMIZATION_LEVEL = 0;
				GCC_PREPROCESSOR_DEFINITIONS = (
					"DEBUG=1",
					"$(inherited)",
				);
				GCC_SYMBOLS_PRIVATE_EXTERN = NO;
				GCC_WARN_64_TO_32_BIT_CONVERSION = YES;
				GCC_WARN_ABOUT_RETURN_TYPE = YES_ERROR;
				GCC_WARN_UNDECLARED_SELECTOR = YES;
				GCC_WARN_UNINITIALIZED_AUTOS = YES_AGGRESSIVE;
				GCC_WARN_UNUSED_FUNCTION = YES;
				GCC_WARN_UNUSED_VARIABLE = YES;
				IPHONEOS_DEPLOYMENT_TARGET = 8.1;
				MTL_ENABLE_DEBUG_INFO = YES;
				ONLY_ACTIVE_ARCH = YES;
				SDKROOT = iphoneos;
				TARGETED_DEVICE_FAMILY = "1,2";
			};
			name = Debug;
		};
		C41511961A90F6D100A32399 /* Release */ = {
			isa = XCBuildConfiguration;
			buildSettings = {
				ALWAYS_SEARCH_USER_PATHS = NO;
				CLANG_CXX_LANGUAGE_STANDARD = "gnu++0x";
				CLANG_CXX_LIBRARY = "libc++";
				CLANG_ENABLE_MODULES = YES;
				CLANG_ENABLE_OBJC_ARC = YES;
				CLANG_WARN_BOOL_CONVERSION = YES;
				CLANG_WARN_CONSTANT_CONVERSION = YES;
				CLANG_WARN_DIRECT_OBJC_ISA_USAGE = YES_ERROR;
				CLANG_WARN_EMPTY_BODY = YES;
				CLANG_WARN_ENUM_CONVERSION = YES;
				CLANG_WARN_INT_CONVERSION = YES;
				CLANG_WARN_OBJC_ROOT_CLASS = YES_ERROR;
				CLANG_WARN_UNREACHABLE_CODE = YES;
				CLANG_WARN__DUPLICATE_METHOD_MATCH = YES;
				"CODE_SIGN_IDENTITY[sdk=iphoneos*]" = "iPhone Developer";
				COPY_PHASE_STRIP = YES;
				ENABLE_NS_ASSERTIONS = NO;
				ENABLE_STRICT_OBJC_MSGSEND = YES;
				GCC_C_LANGUAGE_STANDARD = gnu99;
				GCC_WARN_64_TO_32_BIT_CONVERSION = YES;
				GCC_WARN_ABOUT_RETURN_TYPE = YES_ERROR;
				GCC_WARN_UNDECLARED_SELECTOR = YES;
				GCC_WARN_UNINITIALIZED_AUTOS = YES_AGGRESSIVE;
				GCC_WARN_UNUSED_FUNCTION = YES;
				GCC_WARN_UNUSED_VARIABLE = YES;
				IPHONEOS_DEPLOYMENT_TARGET = 8.1;
				MTL_ENABLE_DEBUG_INFO = NO;
				SDKROOT = iphoneos;
				TARGETED_DEVICE_FAMILY = "1,2";
				VALIDATE_PRODUCT = YES;
			};
			name = Release;
		};
		C41511981A90F6D100A32399 /* Debug */ = {
			isa = XCBuildConfiguration;
			buildSettings = {
				ASSETCATALOG_COMPILER_APPICON_NAME = AppIcon;
				INFOPLIST_FILE = InstagramApp/Info.plist;
				LD_RUNPATH_SEARCH_PATHS = "$(inherited) @executable_path/Frameworks";
				PRODUCT_NAME = "$(TARGET_NAME)";
			};
			name = Debug;
		};
		C41511991A90F6D100A32399 /* Release */ = {
			isa = XCBuildConfiguration;
			buildSettings = {
				ASSETCATALOG_COMPILER_APPICON_NAME = AppIcon;
				INFOPLIST_FILE = InstagramApp/Info.plist;
				LD_RUNPATH_SEARCH_PATHS = "$(inherited) @executable_path/Frameworks";
				PRODUCT_NAME = "$(TARGET_NAME)";
			};
			name = Release;
		};
		C415119B1A90F6D100A32399 /* Debug */ = {
			isa = XCBuildConfiguration;
			buildSettings = {
				BUNDLE_LOADER = "$(TEST_HOST)";
				FRAMEWORK_SEARCH_PATHS = (
					"$(SDKROOT)/Developer/Library/Frameworks",
					"$(inherited)",
				);
				GCC_PREPROCESSOR_DEFINITIONS = (
					"DEBUG=1",
					"$(inherited)",
				);
				INFOPLIST_FILE = InstagramAppTests/Info.plist;
				LD_RUNPATH_SEARCH_PATHS = "$(inherited) @executable_path/Frameworks @loader_path/Frameworks";
				PRODUCT_NAME = "$(TARGET_NAME)";
				TEST_HOST = "$(BUILT_PRODUCTS_DIR)/InstagramApp.app/InstagramApp";
			};
			name = Debug;
		};
		C415119C1A90F6D100A32399 /* Release */ = {
			isa = XCBuildConfiguration;
			buildSettings = {
				BUNDLE_LOADER = "$(TEST_HOST)";
				FRAMEWORK_SEARCH_PATHS = (
					"$(SDKROOT)/Developer/Library/Frameworks",
					"$(inherited)",
				);
				INFOPLIST_FILE = InstagramAppTests/Info.plist;
				LD_RUNPATH_SEARCH_PATHS = "$(inherited) @executable_path/Frameworks @loader_path/Frameworks";
				PRODUCT_NAME = "$(TARGET_NAME)";
				TEST_HOST = "$(BUILT_PRODUCTS_DIR)/InstagramApp.app/InstagramApp";
			};
			name = Release;
		};
/* End XCBuildConfiguration section */

/* Begin XCConfigurationList section */
		C415116F1A90F6D100A32399 /* Build configuration list for PBXProject "InstagramApp" */ = {
			isa = XCConfigurationList;
			buildConfigurations = (
				C41511951A90F6D100A32399 /* Debug */,
				C41511961A90F6D100A32399 /* Release */,
			);
			defaultConfigurationIsVisible = 0;
			defaultConfigurationName = Release;
		};
		C41511971A90F6D100A32399 /* Build configuration list for PBXNativeTarget "InstagramApp" */ = {
			isa = XCConfigurationList;
			buildConfigurations = (
				C41511981A90F6D100A32399 /* Debug */,
				C41511991A90F6D100A32399 /* Release */,
			);
			defaultConfigurationIsVisible = 0;
		};
		C415119A1A90F6D100A32399 /* Build configuration list for PBXNativeTarget "InstagramAppTests" */ = {
			isa = XCConfigurationList;
			buildConfigurations = (
				C415119B1A90F6D100A32399 /* Debug */,
				C415119C1A90F6D100A32399 /* Release */,
			);
			defaultConfigurationIsVisible = 0;
		};
/* End XCConfigurationList section */
	};
	rootObject = C415116C1A90F6D100A32399 /* Project object */;
}
